// !$*UTF8*$!
{
	archiveVersion = 1;
	classes = {
	};
	objectVersion = 39;
	objects = {
		080E96DDFE201D6D7F000001 = {
			children = (
			);
			isa = PBXGroup;
			name = Classes;
			refType = 4;
			sourceTree = "<group>";
		};
		089C165CFE840E0CC02AAC07 = {
			children = (
				089C165DFE840E0CC02AAC07,
			);
			isa = PBXVariantGroup;
			name = InfoPlist.strings;
			refType = 4;
			sourceTree = "<group>";
		};
		089C165DFE840E0CC02AAC07 = {
			fileEncoding = 10;
			isa = PBXFileReference;
			lastKnownFileType = text.plist.strings;
			name = English;
			path = English.lproj/InfoPlist.strings;
			refType = 4;
			sourceTree = "<group>";
		};
//080
//081
//082
//083
//084
//100
//101
//102
//103
//104
		1058C7A0FEA54F0111CA2CBB = {
			children = (
				1058C7A1FEA54F0111CA2CBB,
			);
			isa = PBXGroup;
			name = "Linked Frameworks";
			refType = 4;
			sourceTree = "<group>";
		};
		1058C7A1FEA54F0111CA2CBB = {
			isa = PBXFileReference;
			lastKnownFileType = wrapper.framework;
			name = Cocoa.framework;
			path = /System/Library/Frameworks/Cocoa.framework;
			refType = 0;
			sourceTree = "<absolute>";
		};
		1058C7A2FEA54F0111CA2CBB = {
			children = (
				29B97324FDCFA39411CA2CEA,
				13E42FB307B3F0F600E4EEF1,
				29B97325FDCFA39411CA2CEA,
			);
			isa = PBXGroup;
			name = "Other Frameworks";
			refType = 4;
			sourceTree = "<group>";
		};
//100
//101
//102
//103
//104
//130
//131
//132
//133
//134
		13E42FB307B3F0F600E4EEF1 = {
			isa = PBXFileReference;
			lastKnownFileType = wrapper.framework;
			name = CoreData.framework;
			path = /System/Library/Frameworks/CoreData.framework;
			refType = 0;
			sourceTree = "<absolute>";
		};
//130
//131
//132
//133
//134
//190
//191
//192
//193
//194
		19C28FACFE9D520D11CA2CBB = {
			children = (
				8D1107320486CEB800E47090,
			);
			isa = PBXGroup;
			name = Products;
			refType = 4;
			sourceTree = "<group>";
		};
//190
//191
//192
//193
//194
//290
//291
//292
//293
//294
		29B97313FDCFA39411CA2CEA = {
			buildSettings = {
			};
			buildStyles = (
				4A9504CCFFE6A4B311CA0CBA,
				4A9504CDFFE6A4B311CA0CBA,
			);
			hasScannedForEncodings = 1;
			isa = PBXProject;
			mainGroup = 29B97314FDCFA39411CA2CEA;
			projectDirPath = "";
			targets = (
				8D1107260486CEB800E47090,
			);
		};
		29B97314FDCFA39411CA2CEA = {
			children = (
				7F6FD17E097DD70A00E6B940,
				7F6FD17F097DD70A00E6B940,
				7F6FD180097DD70A00E6B940,
				7F6FD102097DC4E900E6B940,
				7FEAB52A08F1BB3600602CC8,
				080E96DDFE201D6D7F000001,
				29B97315FDCFA39411CA2CEA,
				29B97317FDCFA39411CA2CEA,
				29B97323FDCFA39411CA2CEA,
				19C28FACFE9D520D11CA2CBB,
			);
			isa = PBXGroup;
			name = b3d;
			path = "";
			refType = 4;
			sourceTree = "<group>";
		};
		29B97315FDCFA39411CA2CEA = {
			children = (
				7FAD5E2B097F153D0024E463,
				7FAD5E2C097F153D0024E463,
				7FAD5DA3097EEA000024E463,
				7F6FD0D2097DB62100E6B940,
				7F6FD0D3097DB62100E6B940,
				7F6FD0D4097DB62100E6B940,
				7F6FD0D5097DB62100E6B940,
				7F6FD0D6097DB62100E6B940,
				7F6FD0D7097DB62100E6B940,
				7F6FD0D8097DB62100E6B940,
				7F6FD0D9097DB62100E6B940,
				7F6FD0DA097DB62100E6B940,
				7F6FD0DB097DB62100E6B940,
				7FEAB51208F1B98C00602CC8,
				7FF4FCE908F1DFD8004FEC20,
				7FEAB51008F1B98C00602CC8,
				7FEAB51A08F1B98C00602CC8,
				7FEAB51108F1B98C00602CC8,
				7FEAB51408F1B98C00602CC8,
				7FEAB51308F1B98C00602CC8,
				7FEAB51508F1B98C00602CC8,
				7FEAB51608F1B98C00602CC8,
				7FEAB51808F1B98C00602CC8,
				7FEAB51708F1B98C00602CC8,
				7FEAB50E08F1B98C00602CC8,
				7FEAB51908F1B98C00602CC8,
			);
			isa = PBXGroup;
			name = b3d;
			path = "";
			refType = 4;
			sourceTree = "<group>";
		};
		29B97317FDCFA39411CA2CEA = {
			children = (
				7F6701DC097E185C00FDCADD,
				7F6701BF097E145F00FDCADD,
				7F6FD53D097DEAC200E6B940,
				7F6FD487097DEA9E00E6B940,
				7FF4FCD008F1DE59004FEC20,
				8D1107310486CEB800E47090,
				089C165CFE840E0CC02AAC07,
				29B97318FDCFA39411CA2CEA,
			);
			isa = PBXGroup;
			name = Resources;
			path = "";
			refType = 4;
			sourceTree = "<group>";
		};
		29B97318FDCFA39411CA2CEA = {
			children = (
				29B97319FDCFA39411CA2CEA,
			);
			isa = PBXVariantGroup;
			name = MainMenu.nib;
			path = "";
			refType = 4;
			sourceTree = "<group>";
		};
		29B97319FDCFA39411CA2CEA = {
			isa = PBXFileReference;
			lastKnownFileType = wrapper.nib;
			name = English;
			path = English.lproj/MainMenu.nib;
			refType = 4;
			sourceTree = "<group>";
		};
		29B97323FDCFA39411CA2CEA = {
			children = (
				7FEAB55608F1BC7C00602CC8,
				7FEAB55208F1BC7000602CC8,
				1058C7A0FEA54F0111CA2CBB,
				1058C7A2FEA54F0111CA2CBB,
			);
			isa = PBXGroup;
			name = Frameworks;
			path = "";
			refType = 4;
			sourceTree = "<group>";
		};
		29B97324FDCFA39411CA2CEA = {
			isa = PBXFileReference;
			lastKnownFileType = wrapper.framework;
			name = AppKit.framework;
			path = /System/Library/Frameworks/AppKit.framework;
			refType = 0;
			sourceTree = "<absolute>";
		};
		29B97325FDCFA39411CA2CEA = {
			isa = PBXFileReference;
			lastKnownFileType = wrapper.framework;
			name = Foundation.framework;
			path = /System/Library/Frameworks/Foundation.framework;
			refType = 0;
			sourceTree = "<absolute>";
		};
//290
//291
//292
//293
//294
//4A0
//4A1
//4A2
//4A3
//4A4
		4A9504CCFFE6A4B311CA0CBA = {
			buildSettings = {
				COPY_PHASE_STRIP = NO;
				GCC_DYNAMIC_NO_PIC = NO;
				GCC_ENABLE_FIX_AND_CONTINUE = YES;
				GCC_GENERATE_DEBUGGING_SYMBOLS = YES;
				GCC_OPTIMIZATION_LEVEL = 0;
				GCC_PREPROCESSOR_DEFINITIONS = DARWIN;
				HEADER_SEARCH_PATHS = "../lua-5.0.2/include ../jpeg-6b";
				PREBINDING = NO;
				ZERO_LINK = YES;
			};
			isa = PBXBuildStyle;
			name = Development;
		};
		4A9504CDFFE6A4B311CA0CBA = {
			buildSettings = {
				COPY_PHASE_STRIP = YES;
				GCC_ENABLE_FIX_AND_CONTINUE = NO;
				GCC_GENERATE_DEBUGGING_SYMBOLS = NO;
				GCC_PREPROCESSOR_DEFINITIONS = DARWIN;
				HEADER_SEARCH_PATHS = "../lua-5.0.2/include ../jpeg-6b";
				PREBINDING = NO;
				ZERO_LINK = NO;
			};
			isa = PBXBuildStyle;
			name = Deployment;
		};
//4A0
//4A1
//4A2
//4A3
//4A4
//7F0
//7F1
//7F2
//7F3
//7F4
		7F6701BF097E145F00FDCADD = {
			fileEncoding = 30;
			isa = PBXFileReference;
			lastKnownFileType = text;
			name = help.txt;
			path = ../help.txt;
			refType = 2;
			sourceTree = SOURCE_ROOT;
		};
		7F6701C0097E145F00FDCADD = {
			fileRef = 7F6701BF097E145F00FDCADD;
			isa = PBXBuildFile;
			settings = {
			};
		};
		7F6701DC097E185C00FDCADD = {
			isa = PBXFileReference;
			lastKnownFileType = image.icns;
			path = b3d.icns;
			refType = 4;
			sourceTree = "<group>";
		};
		7F6701DD097E185C00FDCADD = {
			fileRef = 7F6701DC097E185C00FDCADD;
			isa = PBXBuildFile;
			settings = {
			};
		};
		7F6FD0D2097DB62100E6B940 = {
			fileEncoding = 30;
			isa = PBXFileReference;
			lastKnownFileType = sourcecode.c.c;
			name = image.c;
			path = ../src/image.c;
			refType = 2;
			sourceTree = SOURCE_ROOT;
		};
		7F6FD0D3097DB62100E6B940 = {
			fileEncoding = 30;
			isa = PBXFileReference;
			lastKnownFileType = sourcecode.c.h;
			name = image.h;
			path = ../src/image.h;
			refType = 2;
			sourceTree = SOURCE_ROOT;
		};
		7F6FD0D4097DB62100E6B940 = {
			fileEncoding = 30;
			isa = PBXFileReference;
			lastKnownFileType = sourcecode.c.c;
			name = lbitlib.c;
			path = ../src/lbitlib.c;
			refType = 2;
			sourceTree = SOURCE_ROOT;
		};
		7F6FD0D5097DB62100E6B940 = {
			fileEncoding = 30;
			isa = PBXFileReference;
			lastKnownFileType = sourcecode.c.h;
			name = lua_bind.h;
			path = ../src/lua_bind.h;
			refType = 2;
			sourceTree = SOURCE_ROOT;
		};
		7F6FD0D6097DB62100E6B940 = {
			fileEncoding = 30;
			isa = PBXFileReference;
			lastKnownFileType = sourcecode.c.c;
			name = lua_gl.c;
			path = ../src/lua_gl.c;
			refType = 2;
			sourceTree = SOURCE_ROOT;
		};
		7F6FD0D7097DB62100E6B940 = {
			fileEncoding = 30;
			isa = PBXFileReference;
			lastKnownFileType = sourcecode.c.h;
			name = lua_gl.h;
			path = ../src/lua_gl.h;
			refType = 2;
			sourceTree = SOURCE_ROOT;
		};
		7F6FD0D8097DB62100E6B940 = {
			fileEncoding = 30;
			isa = PBXFileReference;
			lastKnownFileType = sourcecode.c.c;
			name = lua_glu.c;
			path = ../src/lua_glu.c;
			refType = 2;
			sourceTree = SOURCE_ROOT;
		};
		7F6FD0D9097DB62100E6B940 = {
			fileEncoding = 30;
			isa = PBXFileReference;
			lastKnownFileType = sourcecode.c.h;
			name = lua_glu.h;
			path = ../src/lua_glu.h;
			refType = 2;
			sourceTree = SOURCE_ROOT;
		};
		7F6FD0DA097DB62100E6B940 = {
			fileEncoding = 30;
			isa = PBXFileReference;
			lastKnownFileType = sourcecode.c.c;
			name = lua_glut.c;
			path = ../src/lua_glut.c;
			refType = 2;
			sourceTree = SOURCE_ROOT;
		};
		7F6FD0DB097DB62100E6B940 = {
			fileEncoding = 30;
			isa = PBXFileReference;
			lastKnownFileType = sourcecode.c.h;
			name = lua_glut.h;
			path = ../src/lua_glut.h;
			refType = 2;
			sourceTree = SOURCE_ROOT;
		};
		7F6FD0DC097DB62100E6B940 = {
			fileRef = 7F6FD0D2097DB62100E6B940;
			isa = PBXBuildFile;
			settings = {
			};
		};
		7F6FD0DD097DB62100E6B940 = {
			fileRef = 7F6FD0D4097DB62100E6B940;
			isa = PBXBuildFile;
			settings = {
			};
		};
		7F6FD0DE097DB62100E6B940 = {
			fileRef = 7F6FD0D6097DB62100E6B940;
			isa = PBXBuildFile;
			settings = {
			};
		};
		7F6FD0DF097DB62100E6B940 = {
			fileRef = 7F6FD0D8097DB62100E6B940;
			isa = PBXBuildFile;
			settings = {
			};
		};
		7F6FD0E0097DB62100E6B940 = {
			fileRef = 7F6FD0DA097DB62100E6B940;
			isa = PBXBuildFile;
			settings = {
			};
		};
		7F6FD102097DC4E900E6B940 = {
			children = (
				7F6FD106097DD17F00E6B940,
				7F6FD107097DD17F00E6B940,
				7F6FD108097DD17F00E6B940,
				7F6FD109097DD17F00E6B940,
				7F6FD10A097DD17F00E6B940,
				7F6FD10B097DD17F00E6B940,
				7F6FD10C097DD17F00E6B940,
				7F6FD10D097DD17F00E6B940,
				7F6FD10E097DD17F00E6B940,
				7F6FD10F097DD17F00E6B940,
				7F6FD110097DD17F00E6B940,
				7F6FD111097DD17F00E6B940,
				7F6FD112097DD17F00E6B940,
				7F6FD113097DD17F00E6B940,
				7F6FD114097DD17F00E6B940,
				7F6FD115097DD17F00E6B940,
				7F6FD116097DD17F00E6B940,
				7F6FD117097DD17F00E6B940,
				7F6FD118097DD17F00E6B940,
				7F6FD119097DD17F00E6B940,
				7F6FD11A097DD17F00E6B940,
				7F6FD11B097DD17F00E6B940,
				7F6FD11C097DD17F00E6B940,
				7F6FD11D097DD17F00E6B940,
				7F6FD11E097DD17F00E6B940,
				7F6FD11F097DD17F00E6B940,
				7F6FD120097DD17F00E6B940,
				7F6FD121097DD17F00E6B940,
				7F6FD122097DD17F00E6B940,
				7F6FD123097DD17F00E6B940,
				7F6FD124097DD17F00E6B940,
				7F6FD125097DD17F00E6B940,
				7F6FD126097DD17F00E6B940,
				7F6FD127097DD17F00E6B940,
				7F6FD128097DD17F00E6B940,
				7F6FD129097DD17F00E6B940,
				7F6FD12A097DD17F00E6B940,
				7F6FD12B097DD17F00E6B940,
				7F6FD12C097DD17F00E6B940,
				7F6FD12D097DD17F00E6B940,
				7F6FD12E097DD17F00E6B940,
				7F6FD12F097DD17F00E6B940,
				7F6FD130097DD17F00E6B940,
				7F6FD131097DD17F00E6B940,
				7F6FD132097DD17F00E6B940,
				7F6FD133097DD17F00E6B940,
				7F6FD134097DD17F00E6B940,
				7F6FD135097DD17F00E6B940,
				7F6FD136097DD17F00E6B940,
				7F6FD137097DD17F00E6B940,
				7F6FD138097DD17F00E6B940,
				7F6FD139097DD17F00E6B940,
				7F6FD13A097DD17F00E6B940,
				7F6FD13B097DD17F00E6B940,
				7F6FD13C097DD17F00E6B940,
				7F6FD13D097DD17F00E6B940,
				7F6FD13E097DD17F00E6B940,
				7F6FD13F097DD17F00E6B940,
				7F6FD140097DD17F00E6B940,
			);
			isa = PBXGroup;
			name = jpeg;
			refType = 4;
			sourceTree = "<group>";
		};
		7F6FD106097DD17F00E6B940 = {
			fileEncoding = 30;
			isa = PBXFileReference;
			lastKnownFileType = sourcecode.c.h;
			name = jversion.h;
			path = "../jpeg-6b/jversion.h";
			refType = 2;
			sourceTree = SOURCE_ROOT;
		};
		7F6FD107097DD17F00E6B940 = {
			fileEncoding = 30;
			isa = PBXFileReference;
			lastKnownFileType = sourcecode.c.c;
			name = jutils.c;
			path = "../jpeg-6b/jutils.c";
			refType = 2;
			sourceTree = SOURCE_ROOT;
		};
		7F6FD108097DD17F00E6B940 = {
			fileEncoding = 30;
			isa = PBXFileReference;
			lastKnownFileType = sourcecode.c.c;
			name = jquant2.c;
			path = "../jpeg-6b/jquant2.c";
			refType = 2;
			sourceTree = SOURCE_ROOT;
		};
		7F6FD109097DD17F00E6B940 = {
			fileEncoding = 30;
			isa = PBXFileReference;
			lastKnownFileType = sourcecode.c.c;
			name = jquant1.c;
			path = "../jpeg-6b/jquant1.c";
			refType = 2;
			sourceTree = SOURCE_ROOT;
		};
		7F6FD10A097DD17F00E6B940 = {
			fileEncoding = 30;
			isa = PBXFileReference;
			lastKnownFileType = sourcecode.c.h;
			name = jpeglib.h;
			path = "../jpeg-6b/jpeglib.h";
			refType = 2;
			sourceTree = SOURCE_ROOT;
		};
		7F6FD10B097DD17F00E6B940 = {
			fileEncoding = 30;
			isa = PBXFileReference;
			lastKnownFileType = sourcecode.c.h;
			name = jpegint.h;
			path = "../jpeg-6b/jpegint.h";
			refType = 2;
			sourceTree = SOURCE_ROOT;
		};
		7F6FD10C097DD17F00E6B940 = {
			fileEncoding = 30;
			isa = PBXFileReference;
			lastKnownFileType = sourcecode.c.h;
			name = jmorecfg.h;
			path = "../jpeg-6b/jmorecfg.h";
			refType = 2;
			sourceTree = SOURCE_ROOT;
		};
		7F6FD10D097DD17F00E6B940 = {
			fileEncoding = 30;
			isa = PBXFileReference;
			lastKnownFileType = sourcecode.c.h;
			name = jmemsys.h;
			path = "../jpeg-6b/jmemsys.h";
			refType = 2;
			sourceTree = SOURCE_ROOT;
		};
		7F6FD10E097DD17F00E6B940 = {
			fileEncoding = 30;
			isa = PBXFileReference;
			lastKnownFileType = sourcecode.c.c;
			name = jmemnobs.c;
			path = "../jpeg-6b/jmemnobs.c";
			refType = 2;
			sourceTree = SOURCE_ROOT;
		};
		7F6FD10F097DD17F00E6B940 = {
			fileEncoding = 30;
			isa = PBXFileReference;
			lastKnownFileType = sourcecode.c.c;
			name = jmemmgr.c;
			path = "../jpeg-6b/jmemmgr.c";
			refType = 2;
			sourceTree = SOURCE_ROOT;
		};
		7F6FD110097DD17F00E6B940 = {
			fileEncoding = 30;
			isa = PBXFileReference;
			lastKnownFileType = sourcecode.c.h;
			name = jinclude.h;
			path = "../jpeg-6b/jinclude.h";
			refType = 2;
			sourceTree = SOURCE_ROOT;
		};
		7F6FD111097DD17F00E6B940 = {
			fileEncoding = 30;
			isa = PBXFileReference;
			lastKnownFileType = sourcecode.c.c;
			name = jidctred.c;
			path = "../jpeg-6b/jidctred.c";
			refType = 2;
			sourceTree = SOURCE_ROOT;
		};
		7F6FD112097DD17F00E6B940 = {
			fileEncoding = 30;
			isa = PBXFileReference;
			lastKnownFileType = sourcecode.c.c;
			name = jidctint.c;
			path = "../jpeg-6b/jidctint.c";
			refType = 2;
			sourceTree = SOURCE_ROOT;
		};
		7F6FD113097DD17F00E6B940 = {
			fileEncoding = 30;
			isa = PBXFileReference;
			lastKnownFileType = sourcecode.c.c;
			name = jidctfst.c;
			path = "../jpeg-6b/jidctfst.c";
			refType = 2;
			sourceTree = SOURCE_ROOT;
		};
		7F6FD114097DD17F00E6B940 = {
			fileEncoding = 30;
			isa = PBXFileReference;
			lastKnownFileType = sourcecode.c.c;
			name = jidctflt.c;
			path = "../jpeg-6b/jidctflt.c";
			refType = 2;
			sourceTree = SOURCE_ROOT;
		};
		7F6FD115097DD17F00E6B940 = {
			fileEncoding = 30;
			isa = PBXFileReference;
			lastKnownFileType = sourcecode.c.c;
			name = jfdctint.c;
			path = "../jpeg-6b/jfdctint.c";
			refType = 2;
			sourceTree = SOURCE_ROOT;
		};
		7F6FD116097DD17F00E6B940 = {
			fileEncoding = 30;
			isa = PBXFileReference;
			lastKnownFileType = sourcecode.c.c;
			name = jfdctfst.c;
			path = "../jpeg-6b/jfdctfst.c";
			refType = 2;
			sourceTree = SOURCE_ROOT;
		};
		7F6FD117097DD17F00E6B940 = {
			fileEncoding = 30;
			isa = PBXFileReference;
			lastKnownFileType = sourcecode.c.c;
			name = jfdctflt.c;
			path = "../jpeg-6b/jfdctflt.c";
			refType = 2;
			sourceTree = SOURCE_ROOT;
		};
		7F6FD118097DD17F00E6B940 = {
			fileEncoding = 30;
			isa = PBXFileReference;
			lastKnownFileType = sourcecode.c.h;
			name = jerror.h;
			path = "../jpeg-6b/jerror.h";
			refType = 2;
			sourceTree = SOURCE_ROOT;
		};
		7F6FD119097DD17F00E6B940 = {
			fileEncoding = 30;
			isa = PBXFileReference;
			lastKnownFileType = sourcecode.c.c;
			name = jerror.c;
			path = "../jpeg-6b/jerror.c";
			refType = 2;
			sourceTree = SOURCE_ROOT;
		};
		7F6FD11A097DD17F00E6B940 = {
			fileEncoding = 30;
			isa = PBXFileReference;
			lastKnownFileType = sourcecode.c.c;
			name = jdtrans.c;
			path = "../jpeg-6b/jdtrans.c";
			refType = 2;
			sourceTree = SOURCE_ROOT;
		};
		7F6FD11B097DD17F00E6B940 = {
			fileEncoding = 30;
			isa = PBXFileReference;
			lastKnownFileType = sourcecode.c.c;
			name = jdsample.c;
			path = "../jpeg-6b/jdsample.c";
			refType = 2;
			sourceTree = SOURCE_ROOT;
		};
		7F6FD11C097DD17F00E6B940 = {
			fileEncoding = 30;
			isa = PBXFileReference;
			lastKnownFileType = sourcecode.c.c;
			name = jdpostct.c;
			path = "../jpeg-6b/jdpostct.c";
			refType = 2;
			sourceTree = SOURCE_ROOT;
		};
		7F6FD11D097DD17F00E6B940 = {
			fileEncoding = 30;
			isa = PBXFileReference;
			lastKnownFileType = sourcecode.c.c;
			name = jdphuff.c;
			path = "../jpeg-6b/jdphuff.c";
			refType = 2;
			sourceTree = SOURCE_ROOT;
		};
		7F6FD11E097DD17F00E6B940 = {
			fileEncoding = 30;
			isa = PBXFileReference;
			lastKnownFileType = sourcecode.c.c;
			name = jdmerge.c;
			path = "../jpeg-6b/jdmerge.c";
			refType = 2;
			sourceTree = SOURCE_ROOT;
		};
		7F6FD11F097DD17F00E6B940 = {
			fileEncoding = 30;
			isa = PBXFileReference;
			lastKnownFileType = sourcecode.c.c;
			name = jdmaster.c;
			path = "../jpeg-6b/jdmaster.c";
			refType = 2;
			sourceTree = SOURCE_ROOT;
		};
		7F6FD120097DD17F00E6B940 = {
			fileEncoding = 30;
			isa = PBXFileReference;
			lastKnownFileType = sourcecode.c.c;
			name = jdmarker.c;
			path = "../jpeg-6b/jdmarker.c";
			refType = 2;
			sourceTree = SOURCE_ROOT;
		};
		7F6FD121097DD17F00E6B940 = {
			fileEncoding = 30;
			isa = PBXFileReference;
			lastKnownFileType = sourcecode.c.c;
			name = jdmainct.c;
			path = "../jpeg-6b/jdmainct.c";
			refType = 2;
			sourceTree = SOURCE_ROOT;
		};
		7F6FD122097DD17F00E6B940 = {
			fileEncoding = 30;
			isa = PBXFileReference;
			lastKnownFileType = sourcecode.c.c;
			name = jdinput.c;
			path = "../jpeg-6b/jdinput.c";
			refType = 2;
			sourceTree = SOURCE_ROOT;
		};
		7F6FD123097DD17F00E6B940 = {
			fileEncoding = 30;
			isa = PBXFileReference;
			lastKnownFileType = sourcecode.c.h;
			name = jdhuff.h;
			path = "../jpeg-6b/jdhuff.h";
			refType = 2;
			sourceTree = SOURCE_ROOT;
		};
		7F6FD124097DD17F00E6B940 = {
			fileEncoding = 30;
			isa = PBXFileReference;
			lastKnownFileType = sourcecode.c.c;
			name = jdhuff.c;
			path = "../jpeg-6b/jdhuff.c";
			refType = 2;
			sourceTree = SOURCE_ROOT;
		};
		7F6FD125097DD17F00E6B940 = {
			fileEncoding = 30;
			isa = PBXFileReference;
			lastKnownFileType = sourcecode.c.c;
			name = jddctmgr.c;
			path = "../jpeg-6b/jddctmgr.c";
			refType = 2;
			sourceTree = SOURCE_ROOT;
		};
		7F6FD126097DD17F00E6B940 = {
			fileEncoding = 30;
			isa = PBXFileReference;
			lastKnownFileType = sourcecode.c.h;
			name = jdct.h;
			path = "../jpeg-6b/jdct.h";
			refType = 2;
			sourceTree = SOURCE_ROOT;
		};
		7F6FD127097DD17F00E6B940 = {
			fileEncoding = 30;
			isa = PBXFileReference;
			lastKnownFileType = sourcecode.c.c;
			name = jdcolor.c;
			path = "../jpeg-6b/jdcolor.c";
			refType = 2;
			sourceTree = SOURCE_ROOT;
		};
		7F6FD128097DD17F00E6B940 = {
			fileEncoding = 30;
			isa = PBXFileReference;
			lastKnownFileType = sourcecode.c.c;
			name = jdcoefct.c;
			path = "../jpeg-6b/jdcoefct.c";
			refType = 2;
			sourceTree = SOURCE_ROOT;
		};
		7F6FD129097DD17F00E6B940 = {
			fileEncoding = 30;
			isa = PBXFileReference;
			lastKnownFileType = sourcecode.c.c;
			name = jdatasrc.c;
			path = "../jpeg-6b/jdatasrc.c";
			refType = 2;
			sourceTree = SOURCE_ROOT;
		};
		7F6FD12A097DD17F00E6B940 = {
			fileEncoding = 30;
			isa = PBXFileReference;
			lastKnownFileType = sourcecode.c.c;
			name = jdatadst.c;
			path = "../jpeg-6b/jdatadst.c";
			refType = 2;
			sourceTree = SOURCE_ROOT;
		};
		7F6FD12B097DD17F00E6B940 = {
			fileEncoding = 30;
			isa = PBXFileReference;
			lastKnownFileType = sourcecode.c.c;
			name = jdapistd.c;
			path = "../jpeg-6b/jdapistd.c";
			refType = 2;
			sourceTree = SOURCE_ROOT;
		};
		7F6FD12C097DD17F00E6B940 = {
			fileEncoding = 30;
			isa = PBXFileReference;
			lastKnownFileType = sourcecode.c.c;
			name = jdapimin.c;
			path = "../jpeg-6b/jdapimin.c";
			refType = 2;
			sourceTree = SOURCE_ROOT;
		};
		7F6FD12D097DD17F00E6B940 = {
			fileEncoding = 30;
			isa = PBXFileReference;
			lastKnownFileType = sourcecode.c.c;
			name = jctrans.c;
			path = "../jpeg-6b/jctrans.c";
			refType = 2;
			sourceTree = SOURCE_ROOT;
		};
		7F6FD12E097DD17F00E6B940 = {
			fileEncoding = 30;
			isa = PBXFileReference;
			lastKnownFileType = sourcecode.c.c;
			name = jcsample.c;
			path = "../jpeg-6b/jcsample.c";
			refType = 2;
			sourceTree = SOURCE_ROOT;
		};
		7F6FD12F097DD17F00E6B940 = {
			fileEncoding = 30;
			isa = PBXFileReference;
			lastKnownFileType = sourcecode.c.c;
			name = jcprepct.c;
			path = "../jpeg-6b/jcprepct.c";
			refType = 2;
			sourceTree = SOURCE_ROOT;
		};
		7F6FD130097DD17F00E6B940 = {
			fileEncoding = 30;
			isa = PBXFileReference;
			lastKnownFileType = sourcecode.c.c;
			name = jcparam.c;
			path = "../jpeg-6b/jcparam.c";
			refType = 2;
			sourceTree = SOURCE_ROOT;
		};
		7F6FD131097DD17F00E6B940 = {
			fileEncoding = 30;
			isa = PBXFileReference;
			lastKnownFileType = sourcecode.c.h;
			name = jconfig.h;
			path = "../jpeg-6b/jconfig.h";
			refType = 2;
			sourceTree = SOURCE_ROOT;
		};
		7F6FD132097DD17F00E6B940 = {
			fileEncoding = 30;
			isa = PBXFileReference;
			lastKnownFileType = sourcecode.c.c;
			name = jcomapi.c;
			path = "../jpeg-6b/jcomapi.c";
			refType = 2;
			sourceTree = SOURCE_ROOT;
		};
		7F6FD133097DD17F00E6B940 = {
			fileEncoding = 30;
			isa = PBXFileReference;
			lastKnownFileType = sourcecode.c.c;
			name = jcmaster.c;
			path = "../jpeg-6b/jcmaster.c";
			refType = 2;
			sourceTree = SOURCE_ROOT;
		};
		7F6FD134097DD17F00E6B940 = {
			fileEncoding = 30;
			isa = PBXFileReference;
			lastKnownFileType = sourcecode.c.c;
			name = jcmarker.c;
			path = "../jpeg-6b/jcmarker.c";
			refType = 2;
			sourceTree = SOURCE_ROOT;
		};
		7F6FD135097DD17F00E6B940 = {
			fileEncoding = 30;
			isa = PBXFileReference;
			lastKnownFileType = sourcecode.c.c;
			name = jcmainct.c;
			path = "../jpeg-6b/jcmainct.c";
			refType = 2;
			sourceTree = SOURCE_ROOT;
		};
		7F6FD136097DD17F00E6B940 = {
			fileEncoding = 30;
			isa = PBXFileReference;
			lastKnownFileType = sourcecode.c.c;
			name = jcinit.c;
			path = "../jpeg-6b/jcinit.c";
			refType = 2;
			sourceTree = SOURCE_ROOT;
		};
		7F6FD137097DD17F00E6B940 = {
			fileEncoding = 30;
			isa = PBXFileReference;
			lastKnownFileType = sourcecode.c.h;
			name = jchuff.h;
			path = "../jpeg-6b/jchuff.h";
			refType = 2;
			sourceTree = SOURCE_ROOT;
		};
		7F6FD138097DD17F00E6B940 = {
			fileEncoding = 30;
			isa = PBXFileReference;
			lastKnownFileType = sourcecode.c.c;
			name = jchuff.c;
			path = "../jpeg-6b/jchuff.c";
			refType = 2;
			sourceTree = SOURCE_ROOT;
		};
		7F6FD139097DD17F00E6B940 = {
			fileEncoding = 30;
			isa = PBXFileReference;
			lastKnownFileType = sourcecode.c.c;
			name = jcdctmgr.c;
			path = "../jpeg-6b/jcdctmgr.c";
			refType = 2;
			sourceTree = SOURCE_ROOT;
		};
		7F6FD13A097DD17F00E6B940 = {
			fileEncoding = 30;
			isa = PBXFileReference;
			lastKnownFileType = sourcecode.c.c;
			name = jccolor.c;
			path = "../jpeg-6b/jccolor.c";
			refType = 2;
			sourceTree = SOURCE_ROOT;
		};
		7F6FD13B097DD17F00E6B940 = {
			fileEncoding = 30;
			isa = PBXFileReference;
			lastKnownFileType = sourcecode.c.c;
			name = jcphuff.c;
			path = "../jpeg-6b/jcphuff.c";
			refType = 2;
			sourceTree = SOURCE_ROOT;
		};
		7F6FD13C097DD17F00E6B940 = {
			fileEncoding = 30;
			isa = PBXFileReference;
			lastKnownFileType = sourcecode.c.c;
			name = jccoefct.c;
			path = "../jpeg-6b/jccoefct.c";
			refType = 2;
			sourceTree = SOURCE_ROOT;
		};
		7F6FD13D097DD17F00E6B940 = {
			fileEncoding = 30;
			isa = PBXFileReference;
			lastKnownFileType = sourcecode.c.c;
			name = jcapistd.c;
			path = "../jpeg-6b/jcapistd.c";
			refType = 2;
			sourceTree = SOURCE_ROOT;
		};
		7F6FD13E097DD17F00E6B940 = {
			fileEncoding = 30;
			isa = PBXFileReference;
			lastKnownFileType = sourcecode.c.c;
			name = jcapimin.c;
			path = "../jpeg-6b/jcapimin.c";
			refType = 2;
			sourceTree = SOURCE_ROOT;
		};
		7F6FD13F097DD17F00E6B940 = {
			fileEncoding = 30;
			isa = PBXFileReference;
			lastKnownFileType = sourcecode.c.c;
			name = transupp.c;
			path = "../jpeg-6b/transupp.c";
			refType = 2;
			sourceTree = SOURCE_ROOT;
		};
		7F6FD140097DD17F00E6B940 = {
			fileEncoding = 30;
			isa = PBXFileReference;
			lastKnownFileType = sourcecode.c.h;
			name = transupp.h;
			path = "../jpeg-6b/transupp.h";
			refType = 2;
			sourceTree = SOURCE_ROOT;
		};
		7F6FD141097DD17F00E6B940 = {
			fileRef = 7F6FD107097DD17F00E6B940;
			isa = PBXBuildFile;
			settings = {
			};
		};
		7F6FD142097DD17F00E6B940 = {
			fileRef = 7F6FD108097DD17F00E6B940;
			isa = PBXBuildFile;
			settings = {
			};
		};
		7F6FD143097DD17F00E6B940 = {
			fileRef = 7F6FD109097DD17F00E6B940;
			isa = PBXBuildFile;
			settings = {
			};
		};
		7F6FD144097DD17F00E6B940 = {
			fileRef = 7F6FD10E097DD17F00E6B940;
			isa = PBXBuildFile;
			settings = {
			};
		};
		7F6FD145097DD17F00E6B940 = {
			fileRef = 7F6FD10F097DD17F00E6B940;
			isa = PBXBuildFile;
			settings = {
			};
		};
		7F6FD146097DD17F00E6B940 = {
			fileRef = 7F6FD111097DD17F00E6B940;
			isa = PBXBuildFile;
			settings = {
			};
		};
		7F6FD147097DD17F00E6B940 = {
			fileRef = 7F6FD112097DD17F00E6B940;
			isa = PBXBuildFile;
			settings = {
			};
		};
		7F6FD148097DD17F00E6B940 = {
			fileRef = 7F6FD113097DD17F00E6B940;
			isa = PBXBuildFile;
			settings = {
			};
		};
		7F6FD149097DD17F00E6B940 = {
			fileRef = 7F6FD114097DD17F00E6B940;
			isa = PBXBuildFile;
			settings = {
			};
		};
		7F6FD14A097DD17F00E6B940 = {
			fileRef = 7F6FD115097DD17F00E6B940;
			isa = PBXBuildFile;
			settings = {
			};
		};
		7F6FD14B097DD17F00E6B940 = {
			fileRef = 7F6FD116097DD17F00E6B940;
			isa = PBXBuildFile;
			settings = {
			};
		};
		7F6FD14C097DD17F00E6B940 = {
			fileRef = 7F6FD117097DD17F00E6B940;
			isa = PBXBuildFile;
			settings = {
			};
		};
		7F6FD14D097DD17F00E6B940 = {
			fileRef = 7F6FD119097DD17F00E6B940;
			isa = PBXBuildFile;
			settings = {
			};
		};
		7F6FD14E097DD17F00E6B940 = {
			fileRef = 7F6FD11A097DD17F00E6B940;
			isa = PBXBuildFile;
			settings = {
			};
		};
		7F6FD14F097DD17F00E6B940 = {
			fileRef = 7F6FD11B097DD17F00E6B940;
			isa = PBXBuildFile;
			settings = {
			};
		};
		7F6FD150097DD17F00E6B940 = {
			fileRef = 7F6FD11C097DD17F00E6B940;
			isa = PBXBuildFile;
			settings = {
			};
		};
		7F6FD151097DD17F00E6B940 = {
			fileRef = 7F6FD11D097DD17F00E6B940;
			isa = PBXBuildFile;
			settings = {
			};
		};
		7F6FD152097DD17F00E6B940 = {
			fileRef = 7F6FD11E097DD17F00E6B940;
			isa = PBXBuildFile;
			settings = {
			};
		};
		7F6FD153097DD17F00E6B940 = {
			fileRef = 7F6FD11F097DD17F00E6B940;
			isa = PBXBuildFile;
			settings = {
			};
		};
		7F6FD154097DD17F00E6B940 = {
			fileRef = 7F6FD120097DD17F00E6B940;
			isa = PBXBuildFile;
			settings = {
			};
		};
		7F6FD155097DD17F00E6B940 = {
			fileRef = 7F6FD121097DD17F00E6B940;
			isa = PBXBuildFile;
			settings = {
			};
		};
		7F6FD156097DD17F00E6B940 = {
			fileRef = 7F6FD122097DD17F00E6B940;
			isa = PBXBuildFile;
			settings = {
			};
		};
		7F6FD157097DD17F00E6B940 = {
			fileRef = 7F6FD124097DD17F00E6B940;
			isa = PBXBuildFile;
			settings = {
			};
		};
		7F6FD158097DD17F00E6B940 = {
			fileRef = 7F6FD125097DD17F00E6B940;
			isa = PBXBuildFile;
			settings = {
			};
		};
		7F6FD159097DD17F00E6B940 = {
			fileRef = 7F6FD127097DD17F00E6B940;
			isa = PBXBuildFile;
			settings = {
			};
		};
		7F6FD15A097DD17F00E6B940 = {
			fileRef = 7F6FD128097DD17F00E6B940;
			isa = PBXBuildFile;
			settings = {
			};
		};
		7F6FD15B097DD17F00E6B940 = {
			fileRef = 7F6FD129097DD17F00E6B940;
			isa = PBXBuildFile;
			settings = {
			};
		};
		7F6FD15C097DD17F00E6B940 = {
			fileRef = 7F6FD12A097DD17F00E6B940;
			isa = PBXBuildFile;
			settings = {
			};
		};
		7F6FD15D097DD17F00E6B940 = {
			fileRef = 7F6FD12B097DD17F00E6B940;
			isa = PBXBuildFile;
			settings = {
			};
		};
		7F6FD15E097DD17F00E6B940 = {
			fileRef = 7F6FD12C097DD17F00E6B940;
			isa = PBXBuildFile;
			settings = {
			};
		};
		7F6FD15F097DD17F00E6B940 = {
			fileRef = 7F6FD12D097DD17F00E6B940;
			isa = PBXBuildFile;
			settings = {
			};
		};
		7F6FD160097DD17F00E6B940 = {
			fileRef = 7F6FD12E097DD17F00E6B940;
			isa = PBXBuildFile;
			settings = {
			};
		};
		7F6FD161097DD17F00E6B940 = {
			fileRef = 7F6FD12F097DD17F00E6B940;
			isa = PBXBuildFile;
			settings = {
			};
		};
		7F6FD162097DD17F00E6B940 = {
			fileRef = 7F6FD130097DD17F00E6B940;
			isa = PBXBuildFile;
			settings = {
			};
		};
		7F6FD163097DD17F00E6B940 = {
			fileRef = 7F6FD132097DD17F00E6B940;
			isa = PBXBuildFile;
			settings = {
			};
		};
		7F6FD164097DD17F00E6B940 = {
			fileRef = 7F6FD133097DD17F00E6B940;
			isa = PBXBuildFile;
			settings = {
			};
		};
		7F6FD165097DD17F00E6B940 = {
			fileRef = 7F6FD134097DD17F00E6B940;
			isa = PBXBuildFile;
			settings = {
			};
		};
		7F6FD166097DD17F00E6B940 = {
			fileRef = 7F6FD135097DD17F00E6B940;
			isa = PBXBuildFile;
			settings = {
			};
		};
		7F6FD167097DD17F00E6B940 = {
			fileRef = 7F6FD136097DD17F00E6B940;
			isa = PBXBuildFile;
			settings = {
			};
		};
		7F6FD168097DD17F00E6B940 = {
			fileRef = 7F6FD138097DD17F00E6B940;
			isa = PBXBuildFile;
			settings = {
			};
		};
		7F6FD169097DD17F00E6B940 = {
			fileRef = 7F6FD139097DD17F00E6B940;
			isa = PBXBuildFile;
			settings = {
			};
		};
		7F6FD16A097DD17F00E6B940 = {
			fileRef = 7F6FD13A097DD17F00E6B940;
			isa = PBXBuildFile;
			settings = {
			};
		};
		7F6FD16B097DD17F00E6B940 = {
			fileRef = 7F6FD13B097DD17F00E6B940;
			isa = PBXBuildFile;
			settings = {
			};
		};
		7F6FD16C097DD17F00E6B940 = {
			fileRef = 7F6FD13C097DD17F00E6B940;
			isa = PBXBuildFile;
			settings = {
			};
		};
		7F6FD16D097DD17F00E6B940 = {
			fileRef = 7F6FD13D097DD17F00E6B940;
			isa = PBXBuildFile;
			settings = {
			};
		};
		7F6FD16E097DD17F00E6B940 = {
			fileRef = 7F6FD13E097DD17F00E6B940;
			isa = PBXBuildFile;
			settings = {
			};
		};
		7F6FD16F097DD17F00E6B940 = {
			fileRef = 7F6FD13F097DD17F00E6B940;
			isa = PBXBuildFile;
			settings = {
			};
		};
		7F6FD17E097DD70A00E6B940 = {
			fileEncoding = 30;
			isa = PBXFileReference;
			lastKnownFileType = text;
			name = gl.lua;
			path = ../gl.lua;
			refType = 2;
			sourceTree = SOURCE_ROOT;
		};
		7F6FD17F097DD70A00E6B940 = {
			fileEncoding = 30;
			isa = PBXFileReference;
			lastKnownFileType = text;
			name = glu.lua;
			path = ../glu.lua;
			refType = 2;
			sourceTree = SOURCE_ROOT;
		};
		7F6FD180097DD70A00E6B940 = {
			fileEncoding = 30;
			isa = PBXFileReference;
			lastKnownFileType = text;
			name = glut.lua;
			path = ../glut.lua;
			refType = 2;
			sourceTree = SOURCE_ROOT;
		};
		7F6FD181097DD70A00E6B940 = {
			fileRef = 7F6FD17E097DD70A00E6B940;
			isa = PBXBuildFile;
			settings = {
			};
		};
		7F6FD182097DD70A00E6B940 = {
			fileRef = 7F6FD17F097DD70A00E6B940;
			isa = PBXBuildFile;
			settings = {
			};
		};
		7F6FD183097DD70A00E6B940 = {
			fileRef = 7F6FD180097DD70A00E6B940;
			isa = PBXBuildFile;
			settings = {
			};
		};
		7F6FD487097DEA9E00E6B940 = {
			isa = PBXFileReference;
			lastKnownFileType = folder;
			name = thumbnails;
			path = ../thumbnails;
			refType = 2;
			sourceTree = SOURCE_ROOT;
		};
		7F6FD53C097DEA9E00E6B940 = {
			fileRef = 7F6FD487097DEA9E00E6B940;
			isa = PBXBuildFile;
			settings = {
			};
		};
		7F6FD53D097DEAC200E6B940 = {
			isa = PBXFileReference;
			lastKnownFileType = folder;
			name = data;
			path = ../data;
			refType = 2;
			sourceTree = SOURCE_ROOT;
		};
		7F6FD542097DEAC200E6B940 = {
			fileRef = 7F6FD53D097DEAC200E6B940;
			isa = PBXBuildFile;
			settings = {
			};
		};
		7FAD5DA3097EEA000024E463 = {
			fileEncoding = 30;
			indentWidth = 4;
			isa = PBXFileReference;
			lastKnownFileType = sourcecode.c.objc;
			name = my_lua.m;
			path = ../src/my_lua.m;
			refType = 2;
			sourceTree = SOURCE_ROOT;
			tabWidth = 8;
			usesTabs = 0;
		};
		7FAD5DA4097EEA000024E463 = {
			fileRef = 7FAD5DA3097EEA000024E463;
			isa = PBXBuildFile;
			settings = {
			};
		};
		7FAD5E2B097F153D0024E463 = {
			fileEncoding = 30;
			isa = PBXFileReference;
			lastKnownFileType = sourcecode.c.objc;
			name = main.m;
			path = ../src/main.m;
			refType = 2;
			sourceTree = SOURCE_ROOT;
		};
		7FAD5E2C097F153D0024E463 = {
			fileEncoding = 30;
			isa = PBXFileReference;
			lastKnownFileType = sourcecode.c.objc;
			name = utils.m;
			path = ../src/utils.m;
			refType = 2;
			sourceTree = SOURCE_ROOT;
		};
		7FAD5E2D097F153D0024E463 = {
			fileRef = 7FAD5E2B097F153D0024E463;
			isa = PBXBuildFile;
			settings = {
			};
		};
		7FAD5E2E097F153D0024E463 = {
			fileRef = 7FAD5E2C097F153D0024E463;
			isa = PBXBuildFile;
			settings = {
			};
		};
		7FEAB50E08F1B98C00602CC8 = {
			fileEncoding = 30;
			isa = PBXFileReference;
			lastKnownFileType = sourcecode.c.h;
			name = my_lua.h;
			path = ../src/my_lua.h;
			refType = 2;
			sourceTree = SOURCE_ROOT;
		};
		7FEAB51008F1B98C00602CC8 = {
			fileEncoding = 30;
			isa = PBXFileReference;
			lastKnownFileType = sourcecode.c.h;
			name = my_opengl.h;
			path = ../src/my_opengl.h;
			refType = 2;
			sourceTree = SOURCE_ROOT;
		};
		7FEAB51108F1B98C00602CC8 = {
			fileEncoding = 30;
			isa = PBXFileReference;
			lastKnownFileType = sourcecode.c.c;
			name = client.c;
			path = ../src/client.c;
			refType = 2;
			sourceTree = SOURCE_ROOT;
		};
		7FEAB51208F1B98C00602CC8 = {
			fileEncoding = 30;
			isa = PBXFileReference;
			lastKnownFileType = sourcecode.c.h;
			name = globals.h;
			path = ../src/globals.h;
			refType = 2;
			sourceTree = SOURCE_ROOT;
		};
		7FEAB51308F1B98C00602CC8 = {
			fileEncoding = 30;
			isa = PBXFileReference;
			lastKnownFileType = sourcecode.c.c;
			name = view.c;
			path = ../src/view.c;
			refType = 2;
			sourceTree = SOURCE_ROOT;
		};
		7FEAB51408F1B98C00602CC8 = {
			fileEncoding = 30;
			isa = PBXFileReference;
			lastKnownFileType = sourcecode.c.h;
			name = view.h;
			path = ../src/view.h;
			refType = 2;
			sourceTree = SOURCE_ROOT;
		};
		7FEAB51508F1B98C00602CC8 = {
			fileEncoding = 30;
			isa = PBXFileReference;
			lastKnownFileType = sourcecode.c.h;
			name = config.h;
			path = ../src/config.h;
			refType = 2;
			sourceTree = SOURCE_ROOT;
		};
		7FEAB51608F1B98C00602CC8 = {
			fileEncoding = 30;
			isa = PBXFileReference;
			lastKnownFileType = sourcecode.c.h;
			name = utils.h;
			path = ../src/utils.h;
			refType = 2;
			sourceTree = SOURCE_ROOT;
		};
		7FEAB51708F1B98C00602CC8 = {
			fileEncoding = 30;
			isa = PBXFileReference;
			lastKnownFileType = sourcecode.c.c;
			name = mesh.c;
			path = ../src/mesh.c;
			refType = 2;
			sourceTree = SOURCE_ROOT;
		};
		7FEAB51808F1B98C00602CC8 = {
			fileEncoding = 30;
			isa = PBXFileReference;
			lastKnownFileType = sourcecode.c.h;
			name = mesh.h;
			path = ../src/mesh.h;
			refType = 2;
			sourceTree = SOURCE_ROOT;
		};
		7FEAB51908F1B98C00602CC8 = {
			fileEncoding = 30;
			isa = PBXFileReference;
			lastKnownFileType = sourcecode.c.c;
			name = my_lua.c;
			path = ../src/my_lua.c;
			refType = 2;
			sourceTree = SOURCE_ROOT;
		};
		7FEAB51A08F1B98C00602CC8 = {
			fileEncoding = 30;
			isa = PBXFileReference;
			lastKnownFileType = sourcecode.c.h;
			name = client.h;
			path = ../src/client.h;
			refType = 2;
			sourceTree = SOURCE_ROOT;
		};
		7FEAB51D08F1B98C00602CC8 = {
			fileRef = 7FEAB51108F1B98C00602CC8;
			isa = PBXBuildFile;
			settings = {
			};
		};
		7FEAB51E08F1B98C00602CC8 = {
			fileRef = 7FEAB51308F1B98C00602CC8;
			isa = PBXBuildFile;
			settings = {
			};
		};
		7FEAB51F08F1B98C00602CC8 = {
			fileRef = 7FEAB51708F1B98C00602CC8;
			isa = PBXBuildFile;
			settings = {
			};
		};
		7FEAB52008F1B98C00602CC8 = {
			fileRef = 7FEAB51908F1B98C00602CC8;
			isa = PBXBuildFile;
			settings = {
			};
		};
		7FEAB52A08F1BB3600602CC8 = {
			children = (
				7FEAB58108F1BD7500602CC8,
				7FEAB58208F1BD7500602CC8,
				7FEAB58308F1BD7500602CC8,
				7FEAB58408F1BD7500602CC8,
				7FEAB58508F1BD7500602CC8,
				7FEAB58608F1BD7500602CC8,
				7FEAB58708F1BD7500602CC8,
				7FEAB58808F1BD7500602CC8,
				7FEAB56208F1BD2600602CC8,
				7FEAB56308F1BD2600602CC8,
				7FEAB56408F1BD2600602CC8,
				7FEAB56508F1BD2600602CC8,
				7FEAB56608F1BD2600602CC8,
				7FEAB56708F1BD2600602CC8,
				7FEAB56808F1BD2600602CC8,
				7FEAB56908F1BD2600602CC8,
				7FEAB56A08F1BD2600602CC8,
				7FEAB56B08F1BD2600602CC8,
				7FEAB56C08F1BD2600602CC8,
				7FEAB56D08F1BD2600602CC8,
				7FEAB56E08F1BD2600602CC8,
				7FEAB56F08F1BD2600602CC8,
				7FEAB57008F1BD2600602CC8,
				7FEAB57108F1BD2600602CC8,
				7FEAB57208F1BD2600602CC8,
				7FEAB57308F1BD2600602CC8,
				7FEAB57408F1BD2600602CC8,
				7FEAB57508F1BD2600602CC8,
				7FEAB53408F1BB8900602CC8,
				7FEAB53508F1BB8900602CC8,
				7FEAB53608F1BB8900602CC8,
				7FEAB53708F1BB8900602CC8,
				7FEAB53808F1BB8900602CC8,
				7FEAB53908F1BB8900602CC8,
				7FEAB53A08F1BB8900602CC8,
				7FEAB53B08F1BB8900602CC8,
				7FEAB53C08F1BB8900602CC8,
				7FEAB53D08F1BB8900602CC8,
				7FEAB53E08F1BB8900602CC8,
				7FEAB53F08F1BB8900602CC8,
				7FEAB54008F1BB8900602CC8,
				7FEAB52B08F1BB7600602CC8,
				7FEAB52C08F1BB7600602CC8,
				7FEAB52D08F1BB7600602CC8,
				7FEAB52E08F1BB7600602CC8,
				7FEAB52F08F1BB7600602CC8,
				7FEAB53008F1BB7600602CC8,
			);
			isa = PBXGroup;
			name = lua;
			refType = 4;
			sourceTree = "<group>";
		};
		7FEAB52B08F1BB7600602CC8 = {
			fileEncoding = 30;
			isa = PBXFileReference;
			lastKnownFileType = sourcecode.c.c;
			name = lundump.c;
			path = "../lua-5.0.2/src/lundump.c";
			refType = 2;
			sourceTree = SOURCE_ROOT;
		};
		7FEAB52C08F1BB7600602CC8 = {
			fileEncoding = 30;
			isa = PBXFileReference;
			lastKnownFileType = sourcecode.c.h;
			name = lundump.h;
			path = "../lua-5.0.2/src/lundump.h";
			refType = 2;
			sourceTree = SOURCE_ROOT;
		};
		7FEAB52D08F1BB7600602CC8 = {
			fileEncoding = 30;
			isa = PBXFileReference;
			lastKnownFileType = sourcecode.c.c;
			name = lvm.c;
			path = "../lua-5.0.2/src/lvm.c";
			refType = 2;
			sourceTree = SOURCE_ROOT;
		};
		7FEAB52E08F1BB7600602CC8 = {
			fileEncoding = 30;
			isa = PBXFileReference;
			lastKnownFileType = sourcecode.c.h;
			name = lvm.h;
			path = "../lua-5.0.2/src/lvm.h";
			refType = 2;
			sourceTree = SOURCE_ROOT;
		};
		7FEAB52F08F1BB7600602CC8 = {
			fileEncoding = 30;
			isa = PBXFileReference;
			lastKnownFileType = sourcecode.c.c;
			name = lzio.c;
			path = "../lua-5.0.2/src/lzio.c";
			refType = 2;
			sourceTree = SOURCE_ROOT;
		};
		7FEAB53008F1BB7600602CC8 = {
			fileEncoding = 30;
			isa = PBXFileReference;
			lastKnownFileType = sourcecode.c.h;
			name = lzio.h;
			path = "../lua-5.0.2/src/lzio.h";
			refType = 2;
			sourceTree = SOURCE_ROOT;
		};
		7FEAB53108F1BB7600602CC8 = {
			fileRef = 7FEAB52B08F1BB7600602CC8;
			isa = PBXBuildFile;
			settings = {
			};
		};
		7FEAB53208F1BB7600602CC8 = {
			fileRef = 7FEAB52D08F1BB7600602CC8;
			isa = PBXBuildFile;
			settings = {
			};
		};
		7FEAB53308F1BB7600602CC8 = {
			fileRef = 7FEAB52F08F1BB7600602CC8;
			isa = PBXBuildFile;
			settings = {
			};
		};
		7FEAB53408F1BB8900602CC8 = {
			fileEncoding = 30;
			isa = PBXFileReference;
			lastKnownFileType = sourcecode.c.c;
			name = lapi.c;
			path = "../lua-5.0.2/src/lapi.c";
			refType = 2;
			sourceTree = SOURCE_ROOT;
		};
		7FEAB53508F1BB8900602CC8 = {
			fileEncoding = 30;
			isa = PBXFileReference;
			lastKnownFileType = sourcecode.c.h;
			name = lapi.h;
			path = "../lua-5.0.2/src/lapi.h";
			refType = 2;
			sourceTree = SOURCE_ROOT;
		};
		7FEAB53608F1BB8900602CC8 = {
			fileEncoding = 30;
			isa = PBXFileReference;
			lastKnownFileType = sourcecode.c.c;
			name = lcode.c;
			path = "../lua-5.0.2/src/lcode.c";
			refType = 2;
			sourceTree = SOURCE_ROOT;
		};
		7FEAB53708F1BB8900602CC8 = {
			fileEncoding = 30;
			isa = PBXFileReference;
			lastKnownFileType = sourcecode.c.h;
			name = lcode.h;
			path = "../lua-5.0.2/src/lcode.h";
			refType = 2;
			sourceTree = SOURCE_ROOT;
		};
		7FEAB53808F1BB8900602CC8 = {
			fileEncoding = 30;
			isa = PBXFileReference;
			lastKnownFileType = sourcecode.c.c;
			name = ldebug.c;
			path = "../lua-5.0.2/src/ldebug.c";
			refType = 2;
			sourceTree = SOURCE_ROOT;
		};
		7FEAB53908F1BB8900602CC8 = {
			fileEncoding = 30;
			isa = PBXFileReference;
			lastKnownFileType = sourcecode.c.h;
			name = ldebug.h;
			path = "../lua-5.0.2/src/ldebug.h";
			refType = 2;
			sourceTree = SOURCE_ROOT;
		};
		7FEAB53A08F1BB8900602CC8 = {
			fileEncoding = 30;
			isa = PBXFileReference;
			lastKnownFileType = sourcecode.c.c;
			name = ldo.c;
			path = "../lua-5.0.2/src/ldo.c";
			refType = 2;
			sourceTree = SOURCE_ROOT;
		};
		7FEAB53B08F1BB8900602CC8 = {
			fileEncoding = 30;
			isa = PBXFileReference;
			lastKnownFileType = sourcecode.c.h;
			name = ldo.h;
			path = "../lua-5.0.2/src/ldo.h";
			refType = 2;
			sourceTree = SOURCE_ROOT;
		};
		7FEAB53C08F1BB8900602CC8 = {
			fileEncoding = 30;
			isa = PBXFileReference;
			lastKnownFileType = sourcecode.c.c;
			name = ldump.c;
			path = "../lua-5.0.2/src/ldump.c";
			refType = 2;
			sourceTree = SOURCE_ROOT;
		};
		7FEAB53D08F1BB8900602CC8 = {
			fileEncoding = 30;
			isa = PBXFileReference;
			lastKnownFileType = sourcecode.c.c;
			name = lfunc.c;
			path = "../lua-5.0.2/src/lfunc.c";
			refType = 2;
			sourceTree = SOURCE_ROOT;
		};
		7FEAB53E08F1BB8900602CC8 = {
			fileEncoding = 30;
			isa = PBXFileReference;
			lastKnownFileType = sourcecode.c.h;
			name = lfunc.h;
			path = "../lua-5.0.2/src/lfunc.h";
			refType = 2;
			sourceTree = SOURCE_ROOT;
		};
		7FEAB53F08F1BB8900602CC8 = {
			fileEncoding = 30;
			isa = PBXFileReference;
			lastKnownFileType = sourcecode.c.c;
			name = lgc.c;
			path = "../lua-5.0.2/src/lgc.c";
			refType = 2;
			sourceTree = SOURCE_ROOT;
		};
		7FEAB54008F1BB8900602CC8 = {
			fileEncoding = 30;
			isa = PBXFileReference;
			lastKnownFileType = sourcecode.c.h;
			name = lgc.h;
			path = "../lua-5.0.2/src/lgc.h";
			refType = 2;
			sourceTree = SOURCE_ROOT;
		};
		7FEAB54108F1BB8900602CC8 = {
			fileRef = 7FEAB53408F1BB8900602CC8;
			isa = PBXBuildFile;
			settings = {
			};
		};
		7FEAB54208F1BB8900602CC8 = {
			fileRef = 7FEAB53608F1BB8900602CC8;
			isa = PBXBuildFile;
			settings = {
			};
		};
		7FEAB54308F1BB8900602CC8 = {
			fileRef = 7FEAB53808F1BB8900602CC8;
			isa = PBXBuildFile;
			settings = {
			};
		};
		7FEAB54408F1BB8900602CC8 = {
			fileRef = 7FEAB53A08F1BB8900602CC8;
			isa = PBXBuildFile;
			settings = {
			};
		};
		7FEAB54508F1BB8900602CC8 = {
			fileRef = 7FEAB53C08F1BB8900602CC8;
			isa = PBXBuildFile;
			settings = {
			};
		};
		7FEAB54608F1BB8900602CC8 = {
			fileRef = 7FEAB53D08F1BB8900602CC8;
			isa = PBXBuildFile;
			settings = {
			};
		};
		7FEAB54708F1BB8900602CC8 = {
			fileRef = 7FEAB53F08F1BB8900602CC8;
			isa = PBXBuildFile;
			settings = {
			};
		};
		7FEAB55208F1BC7000602CC8 = {
			isa = PBXFileReference;
			lastKnownFileType = wrapper.framework;
			name = GLUT.framework;
			path = /System/Library/Frameworks/GLUT.framework;
			refType = 0;
			sourceTree = "<absolute>";
		};
		7FEAB55308F1BC7000602CC8 = {
			fileRef = 7FEAB55208F1BC7000602CC8;
			isa = PBXBuildFile;
			settings = {
			};
		};
		7FEAB55608F1BC7C00602CC8 = {
			isa = PBXFileReference;
			lastKnownFileType = wrapper.framework;
			name = OpenGL.framework;
			path = /System/Library/Frameworks/OpenGL.framework;
			refType = 0;
			sourceTree = "<absolute>";
		};
		7FEAB55708F1BC7C00602CC8 = {
			fileRef = 7FEAB55608F1BC7C00602CC8;
			isa = PBXBuildFile;
			settings = {
			};
		};
		7FEAB56208F1BD2600602CC8 = {
			fileEncoding = 30;
			isa = PBXFileReference;
			lastKnownFileType = sourcecode.c.c;
			name = llex.c;
			path = "../lua-5.0.2/src/llex.c";
			refType = 2;
			sourceTree = SOURCE_ROOT;
		};
		7FEAB56308F1BD2600602CC8 = {
			fileEncoding = 30;
			isa = PBXFileReference;
			lastKnownFileType = sourcecode.c.h;
			name = llex.h;
			path = "../lua-5.0.2/src/llex.h";
			refType = 2;
			sourceTree = SOURCE_ROOT;
		};
		7FEAB56408F1BD2600602CC8 = {
			fileEncoding = 30;
			isa = PBXFileReference;
			lastKnownFileType = sourcecode.c.h;
			name = llimits.h;
			path = "../lua-5.0.2/src/llimits.h";
			refType = 2;
			sourceTree = SOURCE_ROOT;
		};
		7FEAB56508F1BD2600602CC8 = {
			fileEncoding = 30;
			isa = PBXFileReference;
			lastKnownFileType = sourcecode.c.c;
			name = lmem.c;
			path = "../lua-5.0.2/src/lmem.c";
			refType = 2;
			sourceTree = SOURCE_ROOT;
		};
		7FEAB56608F1BD2600602CC8 = {
			fileEncoding = 30;
			isa = PBXFileReference;
			lastKnownFileType = sourcecode.c.h;
			name = lmem.h;
			path = "../lua-5.0.2/src/lmem.h";
			refType = 2;
			sourceTree = SOURCE_ROOT;
		};
		7FEAB56708F1BD2600602CC8 = {
			fileEncoding = 30;
			isa = PBXFileReference;
			lastKnownFileType = sourcecode.c.c;
			name = lobject.c;
			path = "../lua-5.0.2/src/lobject.c";
			refType = 2;
			sourceTree = SOURCE_ROOT;
		};
		7FEAB56808F1BD2600602CC8 = {
			fileEncoding = 30;
			isa = PBXFileReference;
			lastKnownFileType = sourcecode.c.h;
			name = lobject.h;
			path = "../lua-5.0.2/src/lobject.h";
			refType = 2;
			sourceTree = SOURCE_ROOT;
		};
		7FEAB56908F1BD2600602CC8 = {
			fileEncoding = 30;
			isa = PBXFileReference;
			lastKnownFileType = sourcecode.c.c;
			name = lopcodes.c;
			path = "../lua-5.0.2/src/lopcodes.c";
			refType = 2;
			sourceTree = SOURCE_ROOT;
		};
		7FEAB56A08F1BD2600602CC8 = {
			fileEncoding = 30;
			isa = PBXFileReference;
			lastKnownFileType = sourcecode.c.h;
			name = lopcodes.h;
			path = "../lua-5.0.2/src/lopcodes.h";
			refType = 2;
			sourceTree = SOURCE_ROOT;
		};
		7FEAB56B08F1BD2600602CC8 = {
			fileEncoding = 30;
			isa = PBXFileReference;
			lastKnownFileType = sourcecode.c.c;
			name = lparser.c;
			path = "../lua-5.0.2/src/lparser.c";
			refType = 2;
			sourceTree = SOURCE_ROOT;
		};
		7FEAB56C08F1BD2600602CC8 = {
			fileEncoding = 30;
			isa = PBXFileReference;
			lastKnownFileType = sourcecode.c.h;
			name = lparser.h;
			path = "../lua-5.0.2/src/lparser.h";
			refType = 2;
			sourceTree = SOURCE_ROOT;
		};
		7FEAB56D08F1BD2600602CC8 = {
			fileEncoding = 30;
			isa = PBXFileReference;
			lastKnownFileType = sourcecode.c.c;
			name = lstate.c;
			path = "../lua-5.0.2/src/lstate.c";
			refType = 2;
			sourceTree = SOURCE_ROOT;
		};
		7FEAB56E08F1BD2600602CC8 = {
			fileEncoding = 30;
			isa = PBXFileReference;
			lastKnownFileType = sourcecode.c.h;
			name = lstate.h;
			path = "../lua-5.0.2/src/lstate.h";
			refType = 2;
			sourceTree = SOURCE_ROOT;
		};
		7FEAB56F08F1BD2600602CC8 = {
			fileEncoding = 30;
			isa = PBXFileReference;
			lastKnownFileType = sourcecode.c.c;
			name = lstring.c;
			path = "../lua-5.0.2/src/lstring.c";
			refType = 2;
			sourceTree = SOURCE_ROOT;
		};
		7FEAB57008F1BD2600602CC8 = {
			fileEncoding = 30;
			isa = PBXFileReference;
			lastKnownFileType = sourcecode.c.h;
			name = lstring.h;
			path = "../lua-5.0.2/src/lstring.h";
			refType = 2;
			sourceTree = SOURCE_ROOT;
		};
		7FEAB57108F1BD2600602CC8 = {
			fileEncoding = 30;
			isa = PBXFileReference;
			lastKnownFileType = sourcecode.c.c;
			name = ltable.c;
			path = "../lua-5.0.2/src/ltable.c";
			refType = 2;
			sourceTree = SOURCE_ROOT;
		};
		7FEAB57208F1BD2600602CC8 = {
			fileEncoding = 30;
			isa = PBXFileReference;
			lastKnownFileType = sourcecode.c.h;
			name = ltable.h;
			path = "../lua-5.0.2/src/ltable.h";
			refType = 2;
			sourceTree = SOURCE_ROOT;
		};
		7FEAB57308F1BD2600602CC8 = {
			fileEncoding = 30;
			isa = PBXFileReference;
			lastKnownFileType = sourcecode.c.c;
			name = ltests.c;
			path = "../lua-5.0.2/src/ltests.c";
			refType = 2;
			sourceTree = SOURCE_ROOT;
		};
		7FEAB57408F1BD2600602CC8 = {
			fileEncoding = 30;
			isa = PBXFileReference;
			lastKnownFileType = sourcecode.c.c;
			name = ltm.c;
			path = "../lua-5.0.2/src/ltm.c";
			refType = 2;
			sourceTree = SOURCE_ROOT;
		};
		7FEAB57508F1BD2600602CC8 = {
			fileEncoding = 30;
			isa = PBXFileReference;
			lastKnownFileType = sourcecode.c.h;
			name = ltm.h;
			path = "../lua-5.0.2/src/ltm.h";
			refType = 2;
			sourceTree = SOURCE_ROOT;
		};
		7FEAB57608F1BD2600602CC8 = {
			fileRef = 7FEAB56208F1BD2600602CC8;
			isa = PBXBuildFile;
			settings = {
			};
		};
		7FEAB57708F1BD2600602CC8 = {
			fileRef = 7FEAB56508F1BD2600602CC8;
			isa = PBXBuildFile;
			settings = {
			};
		};
		7FEAB57808F1BD2600602CC8 = {
			fileRef = 7FEAB56708F1BD2600602CC8;
			isa = PBXBuildFile;
			settings = {
			};
		};
		7FEAB57908F1BD2600602CC8 = {
			fileRef = 7FEAB56908F1BD2600602CC8;
			isa = PBXBuildFile;
			settings = {
			};
		};
		7FEAB57A08F1BD2600602CC8 = {
			fileRef = 7FEAB56B08F1BD2600602CC8;
			isa = PBXBuildFile;
			settings = {
			};
		};
		7FEAB57B08F1BD2600602CC8 = {
			fileRef = 7FEAB56D08F1BD2600602CC8;
			isa = PBXBuildFile;
			settings = {
			};
		};
		7FEAB57C08F1BD2600602CC8 = {
			fileRef = 7FEAB56F08F1BD2600602CC8;
			isa = PBXBuildFile;
			settings = {
			};
		};
		7FEAB57D08F1BD2600602CC8 = {
			fileRef = 7FEAB57108F1BD2600602CC8;
			isa = PBXBuildFile;
			settings = {
			};
		};
		7FEAB57E08F1BD2600602CC8 = {
			fileRef = 7FEAB57308F1BD2600602CC8;
			isa = PBXBuildFile;
			settings = {
			};
		};
		7FEAB57F08F1BD2600602CC8 = {
			fileRef = 7FEAB57408F1BD2600602CC8;
			isa = PBXBuildFile;
			settings = {
			};
		};
		7FEAB58108F1BD7500602CC8 = {
			fileEncoding = 30;
			isa = PBXFileReference;
			lastKnownFileType = sourcecode.c.c;
			name = lauxlib.c;
			path = "../lua-5.0.2/src/lib/lauxlib.c";
			refType = 2;
			sourceTree = SOURCE_ROOT;
		};
		7FEAB58208F1BD7500602CC8 = {
			fileEncoding = 30;
			isa = PBXFileReference;
			lastKnownFileType = sourcecode.c.c;
			name = lbaselib.c;
			path = "../lua-5.0.2/src/lib/lbaselib.c";
			refType = 2;
			sourceTree = SOURCE_ROOT;
		};
		7FEAB58308F1BD7500602CC8 = {
			fileEncoding = 30;
			isa = PBXFileReference;
			lastKnownFileType = sourcecode.c.c;
			name = ldblib.c;
			path = "../lua-5.0.2/src/lib/ldblib.c";
			refType = 2;
			sourceTree = SOURCE_ROOT;
		};
		7FEAB58408F1BD7500602CC8 = {
			fileEncoding = 30;
			isa = PBXFileReference;
			lastKnownFileType = sourcecode.c.c;
			name = liolib.c;
			path = "../lua-5.0.2/src/lib/liolib.c";
			refType = 2;
			sourceTree = SOURCE_ROOT;
		};
		7FEAB58508F1BD7500602CC8 = {
			fileEncoding = 30;
			isa = PBXFileReference;
			lastKnownFileType = sourcecode.c.c;
			name = lmathlib.c;
			path = "../lua-5.0.2/src/lib/lmathlib.c";
			refType = 2;
			sourceTree = SOURCE_ROOT;
		};
		7FEAB58608F1BD7500602CC8 = {
			fileEncoding = 30;
			isa = PBXFileReference;
			lastKnownFileType = sourcecode.c.c;
			name = loadlib.c;
			path = "../lua-5.0.2/src/lib/loadlib.c";
			refType = 2;
			sourceTree = SOURCE_ROOT;
		};
		7FEAB58708F1BD7500602CC8 = {
			fileEncoding = 30;
			isa = PBXFileReference;
			lastKnownFileType = sourcecode.c.c;
			name = lstrlib.c;
			path = "../lua-5.0.2/src/lib/lstrlib.c";
			refType = 2;
			sourceTree = SOURCE_ROOT;
		};
		7FEAB58808F1BD7500602CC8 = {
			fileEncoding = 30;
			isa = PBXFileReference;
			lastKnownFileType = sourcecode.c.c;
			name = ltablib.c;
			path = "../lua-5.0.2/src/lib/ltablib.c";
			refType = 2;
			sourceTree = SOURCE_ROOT;
		};
		7FEAB58908F1BD7500602CC8 = {
			fileRef = 7FEAB58108F1BD7500602CC8;
			isa = PBXBuildFile;
			settings = {
			};
		};
		7FEAB58A08F1BD7500602CC8 = {
			fileRef = 7FEAB58208F1BD7500602CC8;
			isa = PBXBuildFile;
			settings = {
			};
		};
		7FEAB58B08F1BD7500602CC8 = {
			fileRef = 7FEAB58308F1BD7500602CC8;
			isa = PBXBuildFile;
			settings = {
			};
		};
		7FEAB58C08F1BD7500602CC8 = {
			fileRef = 7FEAB58408F1BD7500602CC8;
			isa = PBXBuildFile;
			settings = {
			};
		};
		7FEAB58D08F1BD7500602CC8 = {
			fileRef = 7FEAB58508F1BD7500602CC8;
			isa = PBXBuildFile;
			settings = {
			};
		};
		7FEAB58E08F1BD7500602CC8 = {
			fileRef = 7FEAB58608F1BD7500602CC8;
			isa = PBXBuildFile;
			settings = {
			};
		};
		7FEAB58F08F1BD7500602CC8 = {
			fileRef = 7FEAB58708F1BD7500602CC8;
			isa = PBXBuildFile;
			settings = {
			};
		};
		7FEAB59008F1BD7500602CC8 = {
			fileRef = 7FEAB58808F1BD7500602CC8;
			isa = PBXBuildFile;
			settings = {
			};
		};
		7FF4FCD008F1DE59004FEC20 = {
			fileEncoding = 30;
			isa = PBXFileReference;
			lastKnownFileType = text;
			name = bminit.lua;
			path = ../bminit.lua;
			refType = 2;
			sourceTree = SOURCE_ROOT;
		};
		7FF4FCD208F1DE59004FEC20 = {
			fileRef = 7FF4FCD008F1DE59004FEC20;
			isa = PBXBuildFile;
			settings = {
			};
		};
		7FF4FCE908F1DFD8004FEC20 = {
			fileEncoding = 30;
			isa = PBXFileReference;
			lastKnownFileType = sourcecode.c.c;
			name = globals.c;
			path = ../src/globals.c;
			refType = 2;
			sourceTree = SOURCE_ROOT;
		};
		7FF4FCEA08F1DFD8004FEC20 = {
			fileRef = 7FF4FCE908F1DFD8004FEC20;
			isa = PBXBuildFile;
			settings = {
			};
		};
//7F0
//7F1
//7F2
//7F3
//7F4
//8D0
//8D1
//8D2
//8D3
//8D4
		8D1107260486CEB800E47090 = {
			buildPhases = (
				8D1107290486CEB800E47090,
				8D11072C0486CEB800E47090,
				8D11072E0486CEB800E47090,
			);
			buildRules = (
			);
			buildSettings = {
				GCC_GENERATE_DEBUGGING_SYMBOLS = NO;
				GCC_PRECOMPILE_PREFIX_HEADER = YES;
				GCC_PREFIX_HEADER = "";
				GCC_PREPROCESSOR_DEFINITIONS = "-DDARWIN";
				GCC_WARN_ABOUT_RETURN_TYPE = YES;
				GCC_WARN_UNUSED_VARIABLE = YES;
				INFOPLIST_FILE = Info.plist;
				INSTALL_PATH = "$(HOME)/Applications";
				OTHER_CFLAGS = "";
				PRODUCT_NAME = b3d;
				WRAPPER_EXTENSION = app;
			};
			dependencies = (
			);
			isa = PBXNativeTarget;
			name = b3d;
			productInstallPath = "$(HOME)/Applications";
			productName = b3d;
			productReference = 8D1107320486CEB800E47090;
			productType = "com.apple.product-type.application";
		};
		8D1107290486CEB800E47090 = {
			buildActionMask = 2147483647;
			files = (
				7F6FD181097DD70A00E6B940,
				7F6FD182097DD70A00E6B940,
				7F6FD183097DD70A00E6B940,
				8D11072A0486CEB800E47090,
				8D11072B0486CEB800E47090,
				7FF4FCD208F1DE59004FEC20,
				7F6FD53C097DEA9E00E6B940,
				7F6FD542097DEAC200E6B940,
				7F6701C0097E145F00FDCADD,
				7F6701DD097E185C00FDCADD,
			);
			isa = PBXResourcesBuildPhase;
			runOnlyForDeploymentPostprocessing = 0;
		};
		8D11072A0486CEB800E47090 = {
			fileRef = 29B97318FDCFA39411CA2CEA;
			isa = PBXBuildFile;
			settings = {
			};
		};
		8D11072B0486CEB800E47090 = {
			fileRef = 089C165CFE840E0CC02AAC07;
			isa = PBXBuildFile;
			settings = {
			};
		};
		8D11072C0486CEB800E47090 = {
			buildActionMask = 2147483647;
			files = (
				7FEAB51D08F1B98C00602CC8,
				7FEAB51E08F1B98C00602CC8,
				7FEAB51F08F1B98C00602CC8,
				7FEAB52008F1B98C00602CC8,
				7FEAB53108F1BB7600602CC8,
				7FEAB53208F1BB7600602CC8,
				7FEAB53308F1BB7600602CC8,
				7FEAB54108F1BB8900602CC8,
				7FEAB54208F1BB8900602CC8,
				7FEAB54308F1BB8900602CC8,
				7FEAB54408F1BB8900602CC8,
				7FEAB54508F1BB8900602CC8,
				7FEAB54608F1BB8900602CC8,
				7FEAB54708F1BB8900602CC8,
				7FEAB57608F1BD2600602CC8,
				7FEAB57708F1BD2600602CC8,
				7FEAB57808F1BD2600602CC8,
				7FEAB57908F1BD2600602CC8,
				7FEAB57A08F1BD2600602CC8,
				7FEAB57B08F1BD2600602CC8,
				7FEAB57C08F1BD2600602CC8,
				7FEAB57D08F1BD2600602CC8,
				7FEAB57E08F1BD2600602CC8,
				7FEAB57F08F1BD2600602CC8,
				7FEAB58908F1BD7500602CC8,
				7FEAB58A08F1BD7500602CC8,
				7FEAB58B08F1BD7500602CC8,
				7FEAB58C08F1BD7500602CC8,
				7FEAB58D08F1BD7500602CC8,
				7FEAB58E08F1BD7500602CC8,
				7FEAB58F08F1BD7500602CC8,
				7FEAB59008F1BD7500602CC8,
				7FF4FCEA08F1DFD8004FEC20,
				7F6FD0DC097DB62100E6B940,
				7F6FD0DD097DB62100E6B940,
				7F6FD0DE097DB62100E6B940,
				7F6FD0DF097DB62100E6B940,
				7F6FD0E0097DB62100E6B940,
				7F6FD141097DD17F00E6B940,
				7F6FD142097DD17F00E6B940,
				7F6FD143097DD17F00E6B940,
				7F6FD144097DD17F00E6B940,
				7F6FD145097DD17F00E6B940,
				7F6FD146097DD17F00E6B940,
				7F6FD147097DD17F00E6B940,
				7F6FD148097DD17F00E6B940,
				7F6FD149097DD17F00E6B940,
				7F6FD14A097DD17F00E6B940,
				7F6FD14B097DD17F00E6B940,
				7F6FD14C097DD17F00E6B940,
				7F6FD14D097DD17F00E6B940,
				7F6FD14E097DD17F00E6B940,
				7F6FD14F097DD17F00E6B940,
				7F6FD150097DD17F00E6B940,
				7F6FD151097DD17F00E6B940,
				7F6FD152097DD17F00E6B940,
				7F6FD153097DD17F00E6B940,
				7F6FD154097DD17F00E6B940,
				7F6FD155097DD17F00E6B940,
				7F6FD156097DD17F00E6B940,
				7F6FD157097DD17F00E6B940,
				7F6FD158097DD17F00E6B940,
				7F6FD159097DD17F00E6B940,
				7F6FD15A097DD17F00E6B940,
				7F6FD15B097DD17F00E6B940,
				7F6FD15C097DD17F00E6B940,
				7F6FD15D097DD17F00E6B940,
				7F6FD15E097DD17F00E6B940,
				7F6FD15F097DD17F00E6B940,
				7F6FD160097DD17F00E6B940,
				7F6FD161097DD17F00E6B940,
				7F6FD162097DD17F00E6B940,
				7F6FD163097DD17F00E6B940,
				7F6FD164097DD17F00E6B940,
				7F6FD165097DD17F00E6B940,
				7F6FD166097DD17F00E6B940,
				7F6FD167097DD17F00E6B940,
				7F6FD168097DD17F00E6B940,
				7F6FD169097DD17F00E6B940,
				7F6FD16A097DD17F00E6B940,
				7F6FD16B097DD17F00E6B940,
				7F6FD16C097DD17F00E6B940,
				7F6FD16D097DD17F00E6B940,
				7F6FD16E097DD17F00E6B940,
				7F6FD16F097DD17F00E6B940,
				7FAD5DA4097EEA000024E463,
				7FAD5E2D097F153D0024E463,
				7FAD5E2E097F153D0024E463,
			);
			isa = PBXSourcesBuildPhase;
			runOnlyForDeploymentPostprocessing = 0;
		};
		8D11072E0486CEB800E47090 = {
			buildActionMask = 2147483647;
			files = (
				8D11072F0486CEB800E47090,
				7FEAB55308F1BC7000602CC8,
				7FEAB55708F1BC7C00602CC8,
			);
			isa = PBXFrameworksBuildPhase;
			runOnlyForDeploymentPostprocessing = 0;
		};
		8D11072F0486CEB800E47090 = {
			fileRef = 1058C7A1FEA54F0111CA2CBB;
			isa = PBXBuildFile;
			settings = {
			};
		};
		8D1107310486CEB800E47090 = {
			fileEncoding = 4;
			isa = PBXFileReference;
			lastKnownFileType = text.plist;
			path = Info.plist;
			refType = 4;
			sourceTree = "<group>";
		};
		8D1107320486CEB800E47090 = {
			explicitFileType = wrapper.application;
			includeInIndex = 0;
			isa = PBXFileReference;
			path = b3d.app;
			refType = 3;
			sourceTree = BUILT_PRODUCTS_DIR;
		};
	};
	rootObject = 29B97313FDCFA39411CA2CEA;
}
